github.com/elazarl/goproxy v0.0.0-20200426045556-49ad98f6dac1 h1:TEmChtx8+IeOghiySC8kQIr0JZOdKUmRmmkuRDuYs3E=
github.com/elazarl/goproxy v0.0.0-20200426045556-49ad98f6dac1/go.mod h1:Ro8st/ElPeALwNFlcTpWmkr6IoMFfkjXAvTHpevnDsM=
github.com/elazarl/goproxy/ext v0.0.0-20190711103511-473e67f1d7d2/go.mod h1:gNh8nYJoAm43RfaxurUnxr+N1PwuFV3ZMl/efxlIlY8=
github.com/elazarl/goproxy/ext v0.0.0-20200426045556-49ad98f6dac1 h1:nCR2gi9ueTfwN7mmtDbWEFPF+I+mW3PAJFiqlwfaJHE=
github.com/elazarl/goproxy/ext v0.0.0-20200426045556-49ad98f6dac1/go.mod h1:gNh8nYJoAm43RfaxurUnxr+N1PwuFV3ZMl/efxlIlY8=
github.com/rogpeppe/go-charset v0.0.0-20180617210344-2471d30d28b4 h1:BN/Nyn2nWMoqGRA7G7paDNDqTXE30mXGqzzybrfo05w=
github.com/rogpeppe/go-charset v0.0.0-20180617210344-2471d30d28b4/go.mod h1:qgYeAmZ5ZIpBWTGllZSQnw97Dj+woV0toclVaRGI8pc=
